
Microsoft Visual Studio Solution File, Format Version 12.00
# Visual Studio Version 17
VisualStudioVersion = 17.11.35219.272
MinimumVisualStudioVersion = 10.0.40219.1
Project("{FAE04EC0-301F-11D3-BF4B-00C04F79EFBC}") = "Project_3", "Project_3\Project_3.csproj", "{D398A7A4-FCA6-475A-A0FD-1095C56D562E}"
EndProject
Global
	GlobalSection(SolutionConfigurationPlatforms) = preSolution
		Debug|Any CPU = Debug|Any CPU
		Release|Any CPU = Release|Any CPU
	EndGlobalSection
	GlobalSection(ProjectConfigurationPlatforms) = postSolution
		{D398A7A4-FCA6-475A-A0FD-1095C56D562E}.Debug|Any CPU.ActiveCfg = Debug|Any CPU
		{D398A7A4-FCA6-475A-A0FD-1095C56D562E}.Debug|Any CPU.Build.0 = Debug|Any CPU
		{D398A7A4-FCA6-475A-A0FD-1095C56D562E}.Release|Any CPU.ActiveCfg = Release|Any CPU
		{D398A7A4-FCA6-475A-A0FD-1095C56D562E}.Release|Any CPU.Build.0 = Release|Any CPU
	EndGlobalSection
	GlobalSection(SolutionProperties) = preSolution
		HideSolutionNode = FALSE
	EndGlobalSection
	GlobalSection(ExtensibilityGlobals) = postSolution
		SolutionGuid = {7D65618B-575E-4042-849E-A7F64A84A35D}
	EndGlobalSection
EndGlobal
